# Generated on GitHub-hosted Ubuntu from exact wheels; review before promotion.
numpy==2.4.5 --hash=sha256:07ce7e74da92d7c71b5df157b9758bcdd53d7fea10602154de3afd2b3ddc34dd
scipy==1.17.1 --hash=sha256:43af8d1f3bea642559019edfe64e9b11192a8978efbd1539d7bc2aaa23d92de4
pytest==9.1.1 --hash=sha256:37a86b45efb9a47a61a36449063e8e18d0cab3161329fc099eb21783169c4f0c
iniconfig==2.3.0 --hash=sha256:f631c04d2c48c52b84d0d0549c99ff3859c98df65b3101406327ecc7d53fbf12
packaging==26.3 --hash=sha256:d7193f7c8e4e93f444fde0262bf90af30e16fa0ad0ad44cb553c87339b23cd1c
pluggy==1.6.0 --hash=sha256:e920276dd6813095e9377c0bc5566d94c932c33b27a3e3945d8389c374dd4746
pygments==2.21.0 --hash=sha256:2363c69b61c4a97c838da3b130dcd6468f4848992b21a82f2a63ec34377137d9
duckdb==1.5.5 --hash=sha256:b9b6f86ed85d4ef5e0211eaebf75d057bd8bb520bba438a95dd0f4e42234bbfe
setuptools==84.0.0 --hash=sha256:51a52592b3b99e102b609654876bd65f19f999935166d1352678931132b0c670
wheel==0.48.0 --hash=sha256:3217dcc807155e45db462d7ef2431f5ddda0d7273b700d05a67b271ceb1287ab
